
Microsoft Visual Studio Solution File, Format Version 12.00
# Visual Studio Version 17
VisualStudioVersion = 17.4.33205.214
MinimumVisualStudioVersion = 10.0.40219.1
Project("{888888A0-9F3D-457C-B088-3A5042F75D52}") = "PythonApplication156", "PythonApplication156.pyproj", "{531A27D6-E13A-4FDE-BB42-5BBF6845EAA2}"
EndProject
Global
	GlobalSection(SolutionConfigurationPlatforms) = preSolution
		Debug|Any CPU = Debug|Any CPU
		Release|Any CPU = Release|Any CPU
	EndGlobalSection
	GlobalSection(ProjectConfigurationPlatforms) = postSolution
		{531A27D6-E13A-4FDE-BB42-5BBF6845EAA2}.Debug|Any CPU.ActiveCfg = Debug|Any CPU
		{531A27D6-E13A-4FDE-BB42-5BBF6845EAA2}.Release|Any CPU.ActiveCfg = Release|Any CPU
	EndGlobalSection
	GlobalSection(SolutionProperties) = preSolution
		HideSolutionNode = FALSE
	EndGlobalSection
	GlobalSection(ExtensibilityGlobals) = postSolution
		SolutionGuid = {C028011C-0F9A-4A1B-BA1A-E706277D073C}
	EndGlobalSection
EndGlobal
